{
  "name": "relatematters-convtools",
  "version": "0.1.1",
  "lockfileVersion": 1,
  "requires": true,
  "dependencies": {
    "@fortawesome/fontawesome-pro": {
      "version": "5.13.0",
      "resolved": "https://npm.fontawesome.com/@fortawesome/fontawesome-pro/-/fontawesome-pro-5.13.0.tgz",
      "integrity": "sha512-qDJHtsCBkGqVM1i10aTjl1WCB/YPCxYYn7lQZNXDqo0yHzBXiwrwv2RXDV4vWgFP7fvCeqKVkP0Co2YQnkTxJg==",
      "dev": true
    }
  }
}
