{
  "name": "r2020-convtools",
  "version": "0.0.9",
  "lockfileVersion": 1,
  "requires": true,
  "dependencies": {
    "@fortawesome/fontawesome-pro": {
      "version": "5.3.1",
      "resolved": "https://npm.fontawesome.com/@fortawesome/fontawesome-pro/-/fontawesome-pro-5.3.1.tgz",
      "integrity": "sha512-2rCmeu+xLmpmsGl24NeqmkeXKfcsDuyvhLWjqc6Jejes+rvOrkcfz7Yrl6cvK1vFy+CcZFlEJtuYkZEK4YN0GA=="
    }
  }
}
